
Microsoft Visual Studio Solution File, Format Version 12.00
# Visual Studio Version 17
VisualStudioVersion = 17.9.34714.143
MinimumVisualStudioVersion = 10.0.40219.1
Project("{2150E333-8FDC-42A3-9474-1A3956D46DE8}") = "Business", "Business", "{9EAC1288-5FC9-4D84-B69B-036878E41F41}"
EndProject
Project("{2150E333-8FDC-42A3-9474-1A3956D46DE8}") = "Services", "Services", "{F0CA6D83-0DA1-4F7F-BAB7-2D79FC69542E}"
EndProject
Project("{9A19103F-16F7-4668-BE54-9A1E7A4F7556}") = "ManagementSystem.Application", "Business\ManagementSystem.Application\ManagementSystem.Application.csproj", "{DDB2A2E6-99FE-4949-B250-CD9818BE15E8}"
EndProject
Project("{9A19103F-16F7-4668-BE54-9A1E7A4F7556}") = "ManagementSystem.Domain", "Business\ManagementSystem.Domain\ManagementSystem.Domain.csproj", "{07EAEBEC-3D12-495C-A722-31B7136DC9D5}"
EndProject
Project("{9A19103F-16F7-4668-BE54-9A1E7A4F7556}") = "ManagementSystem.Infrastructure", "Business\ManagementSystem.Infrastructure\ManagementSystem.Infrastructure.csproj", "{DD5C66CE-7E6A-41BE-8724-C6024D64AE0C}"
EndProject
Project("{9A19103F-16F7-4668-BE54-9A1E7A4F7556}") = "ManagementSystem.WebApi", "Services\ManagementSystem.WebApi\ManagementSystem.WebApi.csproj", "{6F495B8C-1C82-4A97-A2F7-49FEF3C08540}"
EndProject
Project("{2150E333-8FDC-42A3-9474-1A3956D46DE8}") = "Commons", "Commons", "{6FE914F6-B906-4719-A673-CD4BB2EB6A65}"
EndProject
Project("{FAE04EC0-301F-11D3-BF4B-00C04F79EFBC}") = "CommonLibrary", "Commons\CommonLibrary\CommonLibrary.csproj", "{66C07720-514A-4470-A010-CADC25D01E9C}"
EndProject
Global
	GlobalSection(SolutionConfigurationPlatforms) = preSolution
		Debug|Any CPU = Debug|Any CPU
		Release|Any CPU = Release|Any CPU
	EndGlobalSection
	GlobalSection(ProjectConfigurationPlatforms) = postSolution
		{DDB2A2E6-99FE-4949-B250-CD9818BE15E8}.Debug|Any CPU.ActiveCfg = Debug|Any CPU
		{DDB2A2E6-99FE-4949-B250-CD9818BE15E8}.Debug|Any CPU.Build.0 = Debug|Any CPU
		{DDB2A2E6-99FE-4949-B250-CD9818BE15E8}.Release|Any CPU.ActiveCfg = Release|Any CPU
		{DDB2A2E6-99FE-4949-B250-CD9818BE15E8}.Release|Any CPU.Build.0 = Release|Any CPU
		{07EAEBEC-3D12-495C-A722-31B7136DC9D5}.Debug|Any CPU.ActiveCfg = Debug|Any CPU
		{07EAEBEC-3D12-495C-A722-31B7136DC9D5}.Debug|Any CPU.Build.0 = Debug|Any CPU
		{07EAEBEC-3D12-495C-A722-31B7136DC9D5}.Release|Any CPU.ActiveCfg = Release|Any CPU
		{07EAEBEC-3D12-495C-A722-31B7136DC9D5}.Release|Any CPU.Build.0 = Release|Any CPU
		{DD5C66CE-7E6A-41BE-8724-C6024D64AE0C}.Debug|Any CPU.ActiveCfg = Debug|Any CPU
		{DD5C66CE-7E6A-41BE-8724-C6024D64AE0C}.Debug|Any CPU.Build.0 = Debug|Any CPU
		{DD5C66CE-7E6A-41BE-8724-C6024D64AE0C}.Release|Any CPU.ActiveCfg = Release|Any CPU
		{DD5C66CE-7E6A-41BE-8724-C6024D64AE0C}.Release|Any CPU.Build.0 = Release|Any CPU
		{6F495B8C-1C82-4A97-A2F7-49FEF3C08540}.Debug|Any CPU.ActiveCfg = Debug|Any CPU
		{6F495B8C-1C82-4A97-A2F7-49FEF3C08540}.Debug|Any CPU.Build.0 = Debug|Any CPU
		{6F495B8C-1C82-4A97-A2F7-49FEF3C08540}.Release|Any CPU.ActiveCfg = Release|Any CPU
		{6F495B8C-1C82-4A97-A2F7-49FEF3C08540}.Release|Any CPU.Build.0 = Release|Any CPU
		{66C07720-514A-4470-A010-CADC25D01E9C}.Debug|Any CPU.ActiveCfg = Debug|Any CPU
		{66C07720-514A-4470-A010-CADC25D01E9C}.Debug|Any CPU.Build.0 = Debug|Any CPU
		{66C07720-514A-4470-A010-CADC25D01E9C}.Release|Any CPU.ActiveCfg = Release|Any CPU
		{66C07720-514A-4470-A010-CADC25D01E9C}.Release|Any CPU.Build.0 = Release|Any CPU
	EndGlobalSection
	GlobalSection(SolutionProperties) = preSolution
		HideSolutionNode = FALSE
	EndGlobalSection
	GlobalSection(NestedProjects) = preSolution
		{DDB2A2E6-99FE-4949-B250-CD9818BE15E8} = {9EAC1288-5FC9-4D84-B69B-036878E41F41}
		{07EAEBEC-3D12-495C-A722-31B7136DC9D5} = {9EAC1288-5FC9-4D84-B69B-036878E41F41}
		{DD5C66CE-7E6A-41BE-8724-C6024D64AE0C} = {9EAC1288-5FC9-4D84-B69B-036878E41F41}
		{6F495B8C-1C82-4A97-A2F7-49FEF3C08540} = {F0CA6D83-0DA1-4F7F-BAB7-2D79FC69542E}
		{66C07720-514A-4470-A010-CADC25D01E9C} = {6FE914F6-B906-4719-A673-CD4BB2EB6A65}
	EndGlobalSection
	GlobalSection(ExtensibilityGlobals) = postSolution
		SolutionGuid = {DF590097-3C26-4861-B58A-CBC0F3E6DD8F}
	EndGlobalSection
EndGlobal
